
Microsoft Visual Studio Solution File, Format Version 12.00
# Visual Studio 14
VisualStudioVersion = 14.0.23107.0
MinimumVisualStudioVersion = 10.0.40219.1
Project("{D954291E-2A0B-460D-934E-DC6B0785DB48}") = "Vault", "Vault\Vault.shproj", "{D8543D7B-49C0-4F41-B88F-07651AAECD91}"
EndProject
Global
	GlobalSection(SharedMSBuildProjectFiles) = preSolution
		Vault\Vault.projitems*{d8543d7b-49c0-4f41-b88f-07651aaecd91}*SharedItemsImports = 13
	EndGlobalSection
	GlobalSection(SolutionProperties) = preSolution
		HideSolutionNode = FALSE
	EndGlobalSection
EndGlobal
